
Microsoft Visual Studio Solution File, Format Version 12.00
# Visual Studio Version 17
VisualStudioVersion = 17.0.31903.59
MinimumVisualStudioVersion = 10.0.40219.1
Project("{2150E333-8FDC-42A3-9474-1A3956D46DE8}") = "src", "src", "{3F4D1E4B-1A2B-4F6C-A1C7-2E8F4D6A9B10}"
EndProject
Project("{2150E333-8FDC-42A3-9474-1A3956D46DE8}") = "tests", "tests", "{5A7C2E1D-9F4B-42C3-B5AD-8C6D1F2A3E45}"
EndProject
Project("{2150E333-8FDC-42A3-9474-1A3956D46DE8}") = "samples", "samples", "{8C1D2E3F-4B5A-46C7-9D2E-1F3A5B7C8D9E}"
EndProject
Project("{FAE04EC0-301F-11D3-BF4B-00C04F79EFBC}") = "NPA.Core", "src\NPA.Core\NPA.Core.csproj", "{A0F58C0B-57C8-4F6F-9E31-2A6F9C9C2E01}"
EndProject
Project("{FAE04EC0-301F-11D3-BF4B-00C04F79EFBC}") = "NPA.Providers.SqlServer", "src\NPA.Providers.SqlServer\NPA.Providers.SqlServer.csproj", "{B1E6D2A4-9C55-49D4-A1B7-5C8E6F4A3D02}"
EndProject
Project("{FAE04EC0-301F-11D3-BF4B-00C04F79EFBC}") = "NPA.Extensions", "src\NPA.Extensions\NPA.Extensions.csproj", "{C2D7E3B5-A1D6-4BE2-9C88-7E1F2A3B4C03}"
EndProject
Project("{FAE04EC0-301F-11D3-BF4B-00C04F79EFBC}") = "NPA.Generators", "src\NPA.Generators\NPA.Generators.csproj", "{D3C8F4C6-B2E7-4AF1-8D99-8F2A3B4C5D04}"
EndProject
Project("{FAE04EC0-301F-11D3-BF4B-00C04F79EFBC}") = "NPA.Migrations", "src\NPA.Migrations\NPA.Migrations.csproj", "{E4B9A5D7-C3F8-49E0-87AA-9A3B4C5D6E05}"
EndProject
Project("{FAE04EC0-301F-11D3-BF4B-00C04F79EFBC}") = "NPA.Monitoring", "src\NPA.Monitoring\NPA.Monitoring.csproj", "{F5A0B6E8-D4A9-48DF-86BB-AA4C5D6E7F06}"
EndProject
Project("{FAE04EC0-301F-11D3-BF4B-00C04F79EFBC}") = "NPA.Providers.MySql", "src\NPA.Providers.MySql\NPA.Providers.MySql.csproj", "{06B1C7F9-E5BA-47CE-85CC-BB5D6E7F8007}"
EndProject
Project("{FAE04EC0-301F-11D3-BF4B-00C04F79EFBC}") = "NPA.Providers.PostgreSql", "src\NPA.Providers.PostgreSql\NPA.Providers.PostgreSql.csproj", "{17C2D80A-F6CB-46BD-84DD-CC6E7F801108}"
EndProject
Project("{FAE04EC0-301F-11D3-BF4B-00C04F79EFBC}") = "NPA.Core.Tests", "tests\NPA.Core.Tests\NPA.Core.Tests.csproj", "{28D3E91B-07DC-45AC-83EE-DD7F80111209}"
EndProject
Project("{FAE04EC0-301F-11D3-BF4B-00C04F79EFBC}") = "NPA.Extensions.Tests", "tests\NPA.Extensions.Tests\NPA.Extensions.Tests.csproj", "{39E4FA2C-18ED-449B-821F-EE801112230A}"
EndProject
Project("{FAE04EC0-301F-11D3-BF4B-00C04F79EFBC}") = "NPA.Generators.Tests", "tests\NPA.Generators.Tests\NPA.Generators.Tests.csproj", "{4AF50B3D-29FE-438A-8120-FF911223340B}"
EndProject
Project("{FAE04EC0-301F-11D3-BF4B-00C04F79EFBC}") = "NPA.Migrations.Tests", "tests\NPA.Migrations.Tests\NPA.Migrations.Tests.csproj", "{5B061C4E-3A0F-4279-8031-00A12234450C}"
EndProject
Project("{FAE04EC0-301F-11D3-BF4B-00C04F79EFBC}") = "NPA.Monitoring.Tests", "tests\NPA.Monitoring.Tests\NPA.Monitoring.Tests.csproj", "{6C172D5F-4B10-4168-7F42-11B23345560D}"
EndProject
Project("{FAE04EC0-301F-11D3-BF4B-00C04F79EFBC}") = "NPA.Providers.SqlServer.Tests", "tests\NPA.Providers.SqlServer.Tests\NPA.Providers.SqlServer.Tests.csproj", "{8E495082-7E54-4146-8C86-34E67789901F}"
EndProject
Project("{FAE04EC0-301F-11D3-BF4B-00C04F79EFBC}") = "NPA.Providers.MySql.Tests", "tests\NPA.Providers.MySql.Tests\NPA.Providers.MySql.Tests.csproj", "{9F5A6193-8F65-4257-8D97-45F788901120}"
EndProject
Project("{FAE04EC0-301F-11D3-BF4B-00C04F79EFBC}") = "NPA.Providers.PostgreSql.Tests", "tests\NPA.Providers.PostgreSql.Tests\NPA.Providers.PostgreSql.Tests.csproj", "{A06B72A4-9076-4368-8EA8-56F899012231}"
EndProject
Project("{FAE04EC0-301F-11D3-BF4B-00C04F79EFBC}") = "BasicUsage", "samples\BasicUsage\BasicUsage.csproj", "{8E394F71-6D32-4046-7D64-33D45567780F}"
EndProject
Project("{FAE04EC0-301F-11D3-BF4B-00C04F79EFBC}") = "NPA.CLI", "tools\NPA.CLI\NPA.CLI.csproj", "{D38E94C6-B287-4FF1-7879-88F90ABCCD14}"
EndProject
Project("{FAE04EC0-301F-11D3-BF4B-00C04F79EFBC}") = "NPA.Profiler", "tools\NPA.Profiler\NPA.Profiler.csproj", "{F5A0B6E8-D4A9-4DDF-765B-AA0B2CDFEF16}"
EndProject
Project("{FAE04EC0-301F-11D3-BF4B-00C04F79EFBC}") = "NPA.Providers.Sqlite", "src\NPA.Providers.Sqlite\NPA.Providers.Sqlite.csproj", "{FAC28ECD-3620-4EE4-8C5F-D76EF0BE0072}"
EndProject
Project("{FAE04EC0-301F-11D3-BF4B-00C04F79EFBC}") = "NPA.Providers.Sqlite.Tests", "tests\NPA.Providers.Sqlite.Tests\NPA.Providers.Sqlite.Tests.csproj", "{29F6EF7B-E612-43A6-9F5A-FD90C856F9C4}"
EndProject
Project("{FAE04EC0-301F-11D3-BF4B-00C04F79EFBC}") = "UdemyCloneSaaS", "samples\UdemyCloneSaaS\UdemyCloneSaaS.csproj", "{3D89296A-2C1A-409B-BDC2-4F744F8CB768}"
EndProject
Project("{FAE04EC0-301F-11D3-BF4B-00C04F79EFBC}") = "UdemyCloneSaaS.Api", "samples\UdemyCloneSaaS.Api\UdemyCloneSaaS.Api.csproj", "{A3755281-B10A-442D-9651-AE9643335C53}"
EndProject
Project("{FAE04EC0-301F-11D3-BF4B-00C04F79EFBC}") = "NPA.CLI.Tests", "tests\NPA.CLI.Tests\NPA.CLI.Tests.csproj", "{7530F1D0-F5B3-468D-8F68-7E300052CACC}"
EndProject
Project("{FAE04EC0-301F-11D3-BF4B-00C04F79EFBC}") = "ProfilerDemo", "samples\ProfilerDemo\ProfilerDemo.csproj", "{1A4178FB-A82C-4D63-9488-1EBB4EF25957}"
EndProject
Global
	GlobalSection(SolutionConfigurationPlatforms) = preSolution
		Debug|Any CPU = Debug|Any CPU
		Debug|x64 = Debug|x64
		Debug|x86 = Debug|x86
		Release|Any CPU = Release|Any CPU
		Release|x64 = Release|x64
		Release|x86 = Release|x86
	EndGlobalSection
	GlobalSection(ProjectConfigurationPlatforms) = postSolution
		{A0F58C0B-57C8-4F6F-9E31-2A6F9C9C2E01}.Debug|Any CPU.ActiveCfg = Debug|Any CPU
		{A0F58C0B-57C8-4F6F-9E31-2A6F9C9C2E01}.Debug|Any CPU.Build.0 = Debug|Any CPU
		{A0F58C0B-57C8-4F6F-9E31-2A6F9C9C2E01}.Debug|x64.ActiveCfg = Debug|Any CPU
		{A0F58C0B-57C8-4F6F-9E31-2A6F9C9C2E01}.Debug|x64.Build.0 = Debug|Any CPU
		{A0F58C0B-57C8-4F6F-9E31-2A6F9C9C2E01}.Debug|x86.ActiveCfg = Debug|Any CPU
		{A0F58C0B-57C8-4F6F-9E31-2A6F9C9C2E01}.Debug|x86.Build.0 = Debug|Any CPU
		{A0F58C0B-57C8-4F6F-9E31-2A6F9C9C2E01}.Release|Any CPU.ActiveCfg = Release|Any CPU
		{A0F58C0B-57C8-4F6F-9E31-2A6F9C9C2E01}.Release|Any CPU.Build.0 = Release|Any CPU
		{A0F58C0B-57C8-4F6F-9E31-2A6F9C9C2E01}.Release|x64.ActiveCfg = Release|Any CPU
		{A0F58C0B-57C8-4F6F-9E31-2A6F9C9C2E01}.Release|x64.Build.0 = Release|Any CPU
		{A0F58C0B-57C8-4F6F-9E31-2A6F9C9C2E01}.Release|x86.ActiveCfg = Release|Any CPU
		{A0F58C0B-57C8-4F6F-9E31-2A6F9C9C2E01}.Release|x86.Build.0 = Release|Any CPU
		{B1E6D2A4-9C55-49D4-A1B7-5C8E6F4A3D02}.Debug|Any CPU.ActiveCfg = Debug|Any CPU
		{B1E6D2A4-9C55-49D4-A1B7-5C8E6F4A3D02}.Debug|Any CPU.Build.0 = Debug|Any CPU
		{B1E6D2A4-9C55-49D4-A1B7-5C8E6F4A3D02}.Debug|x64.ActiveCfg = Debug|Any CPU
		{B1E6D2A4-9C55-49D4-A1B7-5C8E6F4A3D02}.Debug|x64.Build.0 = Debug|Any CPU
		{B1E6D2A4-9C55-49D4-A1B7-5C8E6F4A3D02}.Debug|x86.ActiveCfg = Debug|Any CPU
		{B1E6D2A4-9C55-49D4-A1B7-5C8E6F4A3D02}.Debug|x86.Build.0 = Debug|Any CPU
		{B1E6D2A4-9C55-49D4-A1B7-5C8E6F4A3D02}.Release|Any CPU.ActiveCfg = Release|Any CPU
		{B1E6D2A4-9C55-49D4-A1B7-5C8E6F4A3D02}.Release|Any CPU.Build.0 = Release|Any CPU
		{B1E6D2A4-9C55-49D4-A1B7-5C8E6F4A3D02}.Release|x64.ActiveCfg = Release|Any CPU
		{B1E6D2A4-9C55-49D4-A1B7-5C8E6F4A3D02}.Release|x64.Build.0 = Release|Any CPU
		{B1E6D2A4-9C55-49D4-A1B7-5C8E6F4A3D02}.Release|x86.ActiveCfg = Release|Any CPU
		{B1E6D2A4-9C55-49D4-A1B7-5C8E6F4A3D02}.Release|x86.Build.0 = Release|Any CPU
		{C2D7E3B5-A1D6-4BE2-9C88-7E1F2A3B4C03}.Debug|Any CPU.ActiveCfg = Debug|Any CPU
		{C2D7E3B5-A1D6-4BE2-9C88-7E1F2A3B4C03}.Debug|Any CPU.Build.0 = Debug|Any CPU
		{C2D7E3B5-A1D6-4BE2-9C88-7E1F2A3B4C03}.Debug|x64.ActiveCfg = Debug|Any CPU
		{C2D7E3B5-A1D6-4BE2-9C88-7E1F2A3B4C03}.Debug|x64.Build.0 = Debug|Any CPU
		{C2D7E3B5-A1D6-4BE2-9C88-7E1F2A3B4C03}.Debug|x86.ActiveCfg = Debug|Any CPU
		{C2D7E3B5-A1D6-4BE2-9C88-7E1F2A3B4C03}.Debug|x86.Build.0 = Debug|Any CPU
		{C2D7E3B5-A1D6-4BE2-9C88-7E1F2A3B4C03}.Release|Any CPU.ActiveCfg = Release|Any CPU
		{C2D7E3B5-A1D6-4BE2-9C88-7E1F2A3B4C03}.Release|Any CPU.Build.0 = Release|Any CPU
		{C2D7E3B5-A1D6-4BE2-9C88-7E1F2A3B4C03}.Release|x64.ActiveCfg = Release|Any CPU
		{C2D7E3B5-A1D6-4BE2-9C88-7E1F2A3B4C03}.Release|x64.Build.0 = Release|Any CPU
		{C2D7E3B5-A1D6-4BE2-9C88-7E1F2A3B4C03}.Release|x86.ActiveCfg = Release|Any CPU
		{C2D7E3B5-A1D6-4BE2-9C88-7E1F2A3B4C03}.Release|x86.Build.0 = Release|Any CPU
		{D3C8F4C6-B2E7-4AF1-8D99-8F2A3B4C5D04}.Debug|Any CPU.ActiveCfg = Debug|Any CPU
		{D3C8F4C6-B2E7-4AF1-8D99-8F2A3B4C5D04}.Debug|Any CPU.Build.0 = Debug|Any CPU
		{D3C8F4C6-B2E7-4AF1-8D99-8F2A3B4C5D04}.Debug|x64.ActiveCfg = Debug|Any CPU
		{D3C8F4C6-B2E7-4AF1-8D99-8F2A3B4C5D04}.Debug|x64.Build.0 = Debug|Any CPU
		{D3C8F4C6-B2E7-4AF1-8D99-8F2A3B4C5D04}.Debug|x86.ActiveCfg = Debug|Any CPU
		{D3C8F4C6-B2E7-4AF1-8D99-8F2A3B4C5D04}.Debug|x86.Build.0 = Debug|Any CPU
		{D3C8F4C6-B2E7-4AF1-8D99-8F2A3B4C5D04}.Release|Any CPU.ActiveCfg = Release|Any CPU
		{D3C8F4C6-B2E7-4AF1-8D99-8F2A3B4C5D04}.Release|Any CPU.Build.0 = Release|Any CPU
		{D3C8F4C6-B2E7-4AF1-8D99-8F2A3B4C5D04}.Release|x64.ActiveCfg = Release|Any CPU
		{D3C8F4C6-B2E7-4AF1-8D99-8F2A3B4C5D04}.Release|x64.Build.0 = Release|Any CPU
		{D3C8F4C6-B2E7-4AF1-8D99-8F2A3B4C5D04}.Release|x86.ActiveCfg = Release|Any CPU
		{D3C8F4C6-B2E7-4AF1-8D99-8F2A3B4C5D04}.Release|x86.Build.0 = Release|Any CPU
		{E4B9A5D7-C3F8-49E0-87AA-9A3B4C5D6E05}.Debug|Any CPU.ActiveCfg = Debug|Any CPU
		{E4B9A5D7-C3F8-49E0-87AA-9A3B4C5D6E05}.Debug|Any CPU.Build.0 = Debug|Any CPU
		{E4B9A5D7-C3F8-49E0-87AA-9A3B4C5D6E05}.Debug|x64.ActiveCfg = Debug|Any CPU
		{E4B9A5D7-C3F8-49E0-87AA-9A3B4C5D6E05}.Debug|x64.Build.0 = Debug|Any CPU
		{E4B9A5D7-C3F8-49E0-87AA-9A3B4C5D6E05}.Debug|x86.ActiveCfg = Debug|Any CPU
		{E4B9A5D7-C3F8-49E0-87AA-9A3B4C5D6E05}.Debug|x86.Build.0 = Debug|Any CPU
		{E4B9A5D7-C3F8-49E0-87AA-9A3B4C5D6E05}.Release|Any CPU.ActiveCfg = Release|Any CPU
		{E4B9A5D7-C3F8-49E0-87AA-9A3B4C5D6E05}.Release|Any CPU.Build.0 = Release|Any CPU
		{E4B9A5D7-C3F8-49E0-87AA-9A3B4C5D6E05}.Release|x64.ActiveCfg = Release|Any CPU
		{E4B9A5D7-C3F8-49E0-87AA-9A3B4C5D6E05}.Release|x64.Build.0 = Release|Any CPU
		{E4B9A5D7-C3F8-49E0-87AA-9A3B4C5D6E05}.Release|x86.ActiveCfg = Release|Any CPU
		{E4B9A5D7-C3F8-49E0-87AA-9A3B4C5D6E05}.Release|x86.Build.0 = Release|Any CPU
		{F5A0B6E8-D4A9-48DF-86BB-AA4C5D6E7F06}.Debug|Any CPU.ActiveCfg = Debug|Any CPU
		{F5A0B6E8-D4A9-48DF-86BB-AA4C5D6E7F06}.Debug|Any CPU.Build.0 = Debug|Any CPU
		{F5A0B6E8-D4A9-48DF-86BB-AA4C5D6E7F06}.Debug|x64.ActiveCfg = Debug|Any CPU
		{F5A0B6E8-D4A9-48DF-86BB-AA4C5D6E7F06}.Debug|x64.Build.0 = Debug|Any CPU
		{F5A0B6E8-D4A9-48DF-86BB-AA4C5D6E7F06}.Debug|x86.ActiveCfg = Debug|Any CPU
		{F5A0B6E8-D4A9-48DF-86BB-AA4C5D6E7F06}.Debug|x86.Build.0 = Debug|Any CPU
		{F5A0B6E8-D4A9-48DF-86BB-AA4C5D6E7F06}.Release|Any CPU.ActiveCfg = Release|Any CPU
		{F5A0B6E8-D4A9-48DF-86BB-AA4C5D6E7F06}.Release|Any CPU.Build.0 = Release|Any CPU
		{F5A0B6E8-D4A9-48DF-86BB-AA4C5D6E7F06}.Release|x64.ActiveCfg = Release|Any CPU
		{F5A0B6E8-D4A9-48DF-86BB-AA4C5D6E7F06}.Release|x64.Build.0 = Release|Any CPU
		{F5A0B6E8-D4A9-48DF-86BB-AA4C5D6E7F06}.Release|x86.ActiveCfg = Release|Any CPU
		{F5A0B6E8-D4A9-48DF-86BB-AA4C5D6E7F06}.Release|x86.Build.0 = Release|Any CPU
		{06B1C7F9-E5BA-47CE-85CC-BB5D6E7F8007}.Debug|Any CPU.ActiveCfg = Debug|Any CPU
		{06B1C7F9-E5BA-47CE-85CC-BB5D6E7F8007}.Debug|Any CPU.Build.0 = Debug|Any CPU
		{06B1C7F9-E5BA-47CE-85CC-BB5D6E7F8007}.Debug|x64.ActiveCfg = Debug|Any CPU
		{06B1C7F9-E5BA-47CE-85CC-BB5D6E7F8007}.Debug|x64.Build.0 = Debug|Any CPU
		{06B1C7F9-E5BA-47CE-85CC-BB5D6E7F8007}.Debug|x86.ActiveCfg = Debug|Any CPU
		{06B1C7F9-E5BA-47CE-85CC-BB5D6E7F8007}.Debug|x86.Build.0 = Debug|Any CPU
		{06B1C7F9-E5BA-47CE-85CC-BB5D6E7F8007}.Release|Any CPU.ActiveCfg = Release|Any CPU
		{06B1C7F9-E5BA-47CE-85CC-BB5D6E7F8007}.Release|Any CPU.Build.0 = Release|Any CPU
		{06B1C7F9-E5BA-47CE-85CC-BB5D6E7F8007}.Release|x64.ActiveCfg = Release|Any CPU
		{06B1C7F9-E5BA-47CE-85CC-BB5D6E7F8007}.Release|x64.Build.0 = Release|Any CPU
		{06B1C7F9-E5BA-47CE-85CC-BB5D6E7F8007}.Release|x86.ActiveCfg = Release|Any CPU
		{06B1C7F9-E5BA-47CE-85CC-BB5D6E7F8007}.Release|x86.Build.0 = Release|Any CPU
		{17C2D80A-F6CB-46BD-84DD-CC6E7F801108}.Debug|Any CPU.ActiveCfg = Debug|Any CPU
		{17C2D80A-F6CB-46BD-84DD-CC6E7F801108}.Debug|Any CPU.Build.0 = Debug|Any CPU
		{17C2D80A-F6CB-46BD-84DD-CC6E7F801108}.Debug|x64.ActiveCfg = Debug|Any CPU
		{17C2D80A-F6CB-46BD-84DD-CC6E7F801108}.Debug|x64.Build.0 = Debug|Any CPU
		{17C2D80A-F6CB-46BD-84DD-CC6E7F801108}.Debug|x86.ActiveCfg = Debug|Any CPU
		{17C2D80A-F6CB-46BD-84DD-CC6E7F801108}.Debug|x86.Build.0 = Debug|Any CPU
		{17C2D80A-F6CB-46BD-84DD-CC6E7F801108}.Release|Any CPU.ActiveCfg = Release|Any CPU
		{17C2D80A-F6CB-46BD-84DD-CC6E7F801108}.Release|Any CPU.Build.0 = Release|Any CPU
		{17C2D80A-F6CB-46BD-84DD-CC6E7F801108}.Release|x64.ActiveCfg = Release|Any CPU
		{17C2D80A-F6CB-46BD-84DD-CC6E7F801108}.Release|x64.Build.0 = Release|Any CPU
		{17C2D80A-F6CB-46BD-84DD-CC6E7F801108}.Release|x86.ActiveCfg = Release|Any CPU
		{17C2D80A-F6CB-46BD-84DD-CC6E7F801108}.Release|x86.Build.0 = Release|Any CPU
		{28D3E91B-07DC-45AC-83EE-DD7F80111209}.Debug|Any CPU.ActiveCfg = Debug|Any CPU
		{28D3E91B-07DC-45AC-83EE-DD7F80111209}.Debug|Any CPU.Build.0 = Debug|Any CPU
		{28D3E91B-07DC-45AC-83EE-DD7F80111209}.Debug|x64.ActiveCfg = Debug|Any CPU
		{28D3E91B-07DC-45AC-83EE-DD7F80111209}.Debug|x64.Build.0 = Debug|Any CPU
		{28D3E91B-07DC-45AC-83EE-DD7F80111209}.Debug|x86.ActiveCfg = Debug|Any CPU
		{28D3E91B-07DC-45AC-83EE-DD7F80111209}.Debug|x86.Build.0 = Debug|Any CPU
		{28D3E91B-07DC-45AC-83EE-DD7F80111209}.Release|Any CPU.ActiveCfg = Release|Any CPU
		{28D3E91B-07DC-45AC-83EE-DD7F80111209}.Release|Any CPU.Build.0 = Release|Any CPU
		{28D3E91B-07DC-45AC-83EE-DD7F80111209}.Release|x64.ActiveCfg = Release|Any CPU
		{28D3E91B-07DC-45AC-83EE-DD7F80111209}.Release|x64.Build.0 = Release|Any CPU
		{28D3E91B-07DC-45AC-83EE-DD7F80111209}.Release|x86.ActiveCfg = Release|Any CPU
		{28D3E91B-07DC-45AC-83EE-DD7F80111209}.Release|x86.Build.0 = Release|Any CPU
		{39E4FA2C-18ED-449B-821F-EE801112230A}.Debug|Any CPU.ActiveCfg = Debug|Any CPU
		{39E4FA2C-18ED-449B-821F-EE801112230A}.Debug|Any CPU.Build.0 = Debug|Any CPU
		{39E4FA2C-18ED-449B-821F-EE801112230A}.Debug|x64.ActiveCfg = Debug|Any CPU
		{39E4FA2C-18ED-449B-821F-EE801112230A}.Debug|x64.Build.0 = Debug|Any CPU
		{39E4FA2C-18ED-449B-821F-EE801112230A}.Debug|x86.ActiveCfg = Debug|Any CPU
		{39E4FA2C-18ED-449B-821F-EE801112230A}.Debug|x86.Build.0 = Debug|Any CPU
		{39E4FA2C-18ED-449B-821F-EE801112230A}.Release|Any CPU.ActiveCfg = Release|Any CPU
		{39E4FA2C-18ED-449B-821F-EE801112230A}.Release|Any CPU.Build.0 = Release|Any CPU
		{39E4FA2C-18ED-449B-821F-EE801112230A}.Release|x64.ActiveCfg = Release|Any CPU
		{39E4FA2C-18ED-449B-821F-EE801112230A}.Release|x64.Build.0 = Release|Any CPU
		{39E4FA2C-18ED-449B-821F-EE801112230A}.Release|x86.ActiveCfg = Release|Any CPU
		{39E4FA2C-18ED-449B-821F-EE801112230A}.Release|x86.Build.0 = Release|Any CPU
		{4AF50B3D-29FE-438A-8120-FF911223340B}.Debug|Any CPU.ActiveCfg = Debug|Any CPU
		{4AF50B3D-29FE-438A-8120-FF911223340B}.Debug|Any CPU.Build.0 = Debug|Any CPU
		{4AF50B3D-29FE-438A-8120-FF911223340B}.Debug|x64.ActiveCfg = Debug|Any CPU
		{4AF50B3D-29FE-438A-8120-FF911223340B}.Debug|x64.Build.0 = Debug|Any CPU
		{4AF50B3D-29FE-438A-8120-FF911223340B}.Debug|x86.ActiveCfg = Debug|Any CPU
		{4AF50B3D-29FE-438A-8120-FF911223340B}.Debug|x86.Build.0 = Debug|Any CPU
		{4AF50B3D-29FE-438A-8120-FF911223340B}.Release|Any CPU.ActiveCfg = Release|Any CPU
		{4AF50B3D-29FE-438A-8120-FF911223340B}.Release|Any CPU.Build.0 = Release|Any CPU
		{4AF50B3D-29FE-438A-8120-FF911223340B}.Release|x64.ActiveCfg = Release|Any CPU
		{4AF50B3D-29FE-438A-8120-FF911223340B}.Release|x64.Build.0 = Release|Any CPU
		{4AF50B3D-29FE-438A-8120-FF911223340B}.Release|x86.ActiveCfg = Release|Any CPU
		{4AF50B3D-29FE-438A-8120-FF911223340B}.Release|x86.Build.0 = Release|Any CPU
		{5B061C4E-3A0F-4279-8031-00A12234450C}.Debug|Any CPU.ActiveCfg = Debug|Any CPU
		{5B061C4E-3A0F-4279-8031-00A12234450C}.Debug|Any CPU.Build.0 = Debug|Any CPU
		{5B061C4E-3A0F-4279-8031-00A12234450C}.Debug|x64.ActiveCfg = Debug|Any CPU
		{5B061C4E-3A0F-4279-8031-00A12234450C}.Debug|x64.Build.0 = Debug|Any CPU
		{5B061C4E-3A0F-4279-8031-00A12234450C}.Debug|x86.ActiveCfg = Debug|Any CPU
		{5B061C4E-3A0F-4279-8031-00A12234450C}.Debug|x86.Build.0 = Debug|Any CPU
		{5B061C4E-3A0F-4279-8031-00A12234450C}.Release|Any CPU.ActiveCfg = Release|Any CPU
		{5B061C4E-3A0F-4279-8031-00A12234450C}.Release|Any CPU.Build.0 = Release|Any CPU
		{5B061C4E-3A0F-4279-8031-00A12234450C}.Release|x64.ActiveCfg = Release|Any CPU
		{5B061C4E-3A0F-4279-8031-00A12234450C}.Release|x64.Build.0 = Release|Any CPU
		{5B061C4E-3A0F-4279-8031-00A12234450C}.Release|x86.ActiveCfg = Release|Any CPU
		{5B061C4E-3A0F-4279-8031-00A12234450C}.Release|x86.Build.0 = Release|Any CPU
		{6C172D5F-4B10-4168-7F42-11B23345560D}.Debug|Any CPU.ActiveCfg = Debug|Any CPU
		{6C172D5F-4B10-4168-7F42-11B23345560D}.Debug|Any CPU.Build.0 = Debug|Any CPU
		{6C172D5F-4B10-4168-7F42-11B23345560D}.Debug|x64.ActiveCfg = Debug|Any CPU
		{6C172D5F-4B10-4168-7F42-11B23345560D}.Debug|x64.Build.0 = Debug|Any CPU
		{6C172D5F-4B10-4168-7F42-11B23345560D}.Debug|x86.ActiveCfg = Debug|Any CPU
		{6C172D5F-4B10-4168-7F42-11B23345560D}.Debug|x86.Build.0 = Debug|Any CPU
		{6C172D5F-4B10-4168-7F42-11B23345560D}.Release|Any CPU.ActiveCfg = Release|Any CPU
		{6C172D5F-4B10-4168-7F42-11B23345560D}.Release|Any CPU.Build.0 = Release|Any CPU
		{6C172D5F-4B10-4168-7F42-11B23345560D}.Release|x64.ActiveCfg = Release|Any CPU
		{6C172D5F-4B10-4168-7F42-11B23345560D}.Release|x64.Build.0 = Release|Any CPU
		{6C172D5F-4B10-4168-7F42-11B23345560D}.Release|x86.ActiveCfg = Release|Any CPU
		{6C172D5F-4B10-4168-7F42-11B23345560D}.Release|x86.Build.0 = Release|Any CPU
		{8E495082-7E54-4146-8C86-34E67789901F}.Debug|Any CPU.ActiveCfg = Debug|Any CPU
		{8E495082-7E54-4146-8C86-34E67789901F}.Debug|Any CPU.Build.0 = Debug|Any CPU
		{8E495082-7E54-4146-8C86-34E67789901F}.Debug|x64.ActiveCfg = Debug|Any CPU
		{8E495082-7E54-4146-8C86-34E67789901F}.Debug|x64.Build.0 = Debug|Any CPU
		{8E495082-7E54-4146-8C86-34E67789901F}.Debug|x86.ActiveCfg = Debug|Any CPU
		{8E495082-7E54-4146-8C86-34E67789901F}.Debug|x86.Build.0 = Debug|Any CPU
		{8E495082-7E54-4146-8C86-34E67789901F}.Release|Any CPU.ActiveCfg = Release|Any CPU
		{8E495082-7E54-4146-8C86-34E67789901F}.Release|Any CPU.Build.0 = Release|Any CPU
		{8E495082-7E54-4146-8C86-34E67789901F}.Release|x64.ActiveCfg = Release|Any CPU
		{8E495082-7E54-4146-8C86-34E67789901F}.Release|x64.Build.0 = Release|Any CPU
		{8E495082-7E54-4146-8C86-34E67789901F}.Release|x86.ActiveCfg = Release|Any CPU
		{8E495082-7E54-4146-8C86-34E67789901F}.Release|x86.Build.0 = Release|Any CPU
		{9F5A6193-8F65-4257-8D97-45F788901120}.Debug|Any CPU.ActiveCfg = Debug|Any CPU
		{9F5A6193-8F65-4257-8D97-45F788901120}.Debug|Any CPU.Build.0 = Debug|Any CPU
		{9F5A6193-8F65-4257-8D97-45F788901120}.Debug|x64.ActiveCfg = Debug|Any CPU
		{9F5A6193-8F65-4257-8D97-45F788901120}.Debug|x64.Build.0 = Debug|Any CPU
		{9F5A6193-8F65-4257-8D97-45F788901120}.Debug|x86.ActiveCfg = Debug|Any CPU
		{9F5A6193-8F65-4257-8D97-45F788901120}.Debug|x86.Build.0 = Debug|Any CPU
		{9F5A6193-8F65-4257-8D97-45F788901120}.Release|Any CPU.ActiveCfg = Release|Any CPU
		{9F5A6193-8F65-4257-8D97-45F788901120}.Release|Any CPU.Build.0 = Release|Any CPU
		{9F5A6193-8F65-4257-8D97-45F788901120}.Release|x64.ActiveCfg = Release|Any CPU
		{9F5A6193-8F65-4257-8D97-45F788901120}.Release|x64.Build.0 = Release|Any CPU
		{9F5A6193-8F65-4257-8D97-45F788901120}.Release|x86.ActiveCfg = Release|Any CPU
		{9F5A6193-8F65-4257-8D97-45F788901120}.Release|x86.Build.0 = Release|Any CPU
		{A06B72A4-9076-4368-8EA8-56F899012231}.Debug|Any CPU.ActiveCfg = Debug|Any CPU
		{A06B72A4-9076-4368-8EA8-56F899012231}.Debug|Any CPU.Build.0 = Debug|Any CPU
		{A06B72A4-9076-4368-8EA8-56F899012231}.Debug|x64.ActiveCfg = Debug|Any CPU
		{A06B72A4-9076-4368-8EA8-56F899012231}.Debug|x64.Build.0 = Debug|Any CPU
		{A06B72A4-9076-4368-8EA8-56F899012231}.Debug|x86.ActiveCfg = Debug|Any CPU
		{A06B72A4-9076-4368-8EA8-56F899012231}.Debug|x86.Build.0 = Debug|Any CPU
		{A06B72A4-9076-4368-8EA8-56F899012231}.Release|Any CPU.ActiveCfg = Release|Any CPU
		{A06B72A4-9076-4368-8EA8-56F899012231}.Release|Any CPU.Build.0 = Release|Any CPU
		{A06B72A4-9076-4368-8EA8-56F899012231}.Release|x64.ActiveCfg = Release|Any CPU
		{A06B72A4-9076-4368-8EA8-56F899012231}.Release|x64.Build.0 = Release|Any CPU
		{A06B72A4-9076-4368-8EA8-56F899012231}.Release|x86.ActiveCfg = Release|Any CPU
		{A06B72A4-9076-4368-8EA8-56F899012231}.Release|x86.Build.0 = Release|Any CPU
		{8E394F71-6D32-4046-7D64-33D45567780F}.Debug|Any CPU.ActiveCfg = Debug|Any CPU
		{8E394F71-6D32-4046-7D64-33D45567780F}.Debug|Any CPU.Build.0 = Debug|Any CPU
		{8E394F71-6D32-4046-7D64-33D45567780F}.Debug|x64.ActiveCfg = Debug|Any CPU
		{8E394F71-6D32-4046-7D64-33D45567780F}.Debug|x64.Build.0 = Debug|Any CPU
		{8E394F71-6D32-4046-7D64-33D45567780F}.Debug|x86.ActiveCfg = Debug|Any CPU
		{8E394F71-6D32-4046-7D64-33D45567780F}.Debug|x86.Build.0 = Debug|Any CPU
		{8E394F71-6D32-4046-7D64-33D45567780F}.Release|Any CPU.ActiveCfg = Release|Any CPU
		{8E394F71-6D32-4046-7D64-33D45567780F}.Release|Any CPU.Build.0 = Release|Any CPU
		{8E394F71-6D32-4046-7D64-33D45567780F}.Release|x64.ActiveCfg = Release|Any CPU
		{8E394F71-6D32-4046-7D64-33D45567780F}.Release|x64.Build.0 = Release|Any CPU
		{8E394F71-6D32-4046-7D64-33D45567780F}.Release|x86.ActiveCfg = Release|Any CPU
		{8E394F71-6D32-4046-7D64-33D45567780F}.Release|x86.Build.0 = Release|Any CPU
		{D38E94C6-B287-4FF1-7879-88F90ABCCD14}.Debug|Any CPU.ActiveCfg = Debug|Any CPU
		{D38E94C6-B287-4FF1-7879-88F90ABCCD14}.Debug|Any CPU.Build.0 = Debug|Any CPU
		{D38E94C6-B287-4FF1-7879-88F90ABCCD14}.Debug|x64.ActiveCfg = Debug|Any CPU
		{D38E94C6-B287-4FF1-7879-88F90ABCCD14}.Debug|x64.Build.0 = Debug|Any CPU
		{D38E94C6-B287-4FF1-7879-88F90ABCCD14}.Debug|x86.ActiveCfg = Debug|Any CPU
		{D38E94C6-B287-4FF1-7879-88F90ABCCD14}.Debug|x86.Build.0 = Debug|Any CPU
		{D38E94C6-B287-4FF1-7879-88F90ABCCD14}.Release|Any CPU.ActiveCfg = Release|Any CPU
		{D38E94C6-B287-4FF1-7879-88F90ABCCD14}.Release|Any CPU.Build.0 = Release|Any CPU
		{D38E94C6-B287-4FF1-7879-88F90ABCCD14}.Release|x64.ActiveCfg = Release|Any CPU
		{D38E94C6-B287-4FF1-7879-88F90ABCCD14}.Release|x64.Build.0 = Release|Any CPU
		{D38E94C6-B287-4FF1-7879-88F90ABCCD14}.Release|x86.ActiveCfg = Release|Any CPU
		{D38E94C6-B287-4FF1-7879-88F90ABCCD14}.Release|x86.Build.0 = Release|Any CPU
		{F5A0B6E8-D4A9-4DDF-765B-AA0B2CDFEF16}.Debug|Any CPU.ActiveCfg = Debug|Any CPU
		{F5A0B6E8-D4A9-4DDF-765B-AA0B2CDFEF16}.Debug|Any CPU.Build.0 = Debug|Any CPU
		{F5A0B6E8-D4A9-4DDF-765B-AA0B2CDFEF16}.Debug|x64.ActiveCfg = Debug|Any CPU
		{F5A0B6E8-D4A9-4DDF-765B-AA0B2CDFEF16}.Debug|x64.Build.0 = Debug|Any CPU
		{F5A0B6E8-D4A9-4DDF-765B-AA0B2CDFEF16}.Debug|x86.ActiveCfg = Debug|Any CPU
		{F5A0B6E8-D4A9-4DDF-765B-AA0B2CDFEF16}.Debug|x86.Build.0 = Debug|Any CPU
		{F5A0B6E8-D4A9-4DDF-765B-AA0B2CDFEF16}.Release|Any CPU.ActiveCfg = Release|Any CPU
		{F5A0B6E8-D4A9-4DDF-765B-AA0B2CDFEF16}.Release|Any CPU.Build.0 = Release|Any CPU
		{F5A0B6E8-D4A9-4DDF-765B-AA0B2CDFEF16}.Release|x64.ActiveCfg = Release|Any CPU
		{F5A0B6E8-D4A9-4DDF-765B-AA0B2CDFEF16}.Release|x64.Build.0 = Release|Any CPU
		{F5A0B6E8-D4A9-4DDF-765B-AA0B2CDFEF16}.Release|x86.ActiveCfg = Release|Any CPU
		{F5A0B6E8-D4A9-4DDF-765B-AA0B2CDFEF16}.Release|x86.Build.0 = Release|Any CPU
		{FAC28ECD-3620-4EE4-8C5F-D76EF0BE0072}.Debug|Any CPU.ActiveCfg = Debug|Any CPU
		{FAC28ECD-3620-4EE4-8C5F-D76EF0BE0072}.Debug|Any CPU.Build.0 = Debug|Any CPU
		{FAC28ECD-3620-4EE4-8C5F-D76EF0BE0072}.Debug|x64.ActiveCfg = Debug|Any CPU
		{FAC28ECD-3620-4EE4-8C5F-D76EF0BE0072}.Debug|x64.Build.0 = Debug|Any CPU
		{FAC28ECD-3620-4EE4-8C5F-D76EF0BE0072}.Debug|x86.ActiveCfg = Debug|Any CPU
		{FAC28ECD-3620-4EE4-8C5F-D76EF0BE0072}.Debug|x86.Build.0 = Debug|Any CPU
		{FAC28ECD-3620-4EE4-8C5F-D76EF0BE0072}.Release|Any CPU.ActiveCfg = Release|Any CPU
		{FAC28ECD-3620-4EE4-8C5F-D76EF0BE0072}.Release|Any CPU.Build.0 = Release|Any CPU
		{FAC28ECD-3620-4EE4-8C5F-D76EF0BE0072}.Release|x64.ActiveCfg = Release|Any CPU
		{FAC28ECD-3620-4EE4-8C5F-D76EF0BE0072}.Release|x64.Build.0 = Release|Any CPU
		{FAC28ECD-3620-4EE4-8C5F-D76EF0BE0072}.Release|x86.ActiveCfg = Release|Any CPU
		{FAC28ECD-3620-4EE4-8C5F-D76EF0BE0072}.Release|x86.Build.0 = Release|Any CPU
		{29F6EF7B-E612-43A6-9F5A-FD90C856F9C4}.Debug|Any CPU.ActiveCfg = Debug|Any CPU
		{29F6EF7B-E612-43A6-9F5A-FD90C856F9C4}.Debug|Any CPU.Build.0 = Debug|Any CPU
		{29F6EF7B-E612-43A6-9F5A-FD90C856F9C4}.Debug|x64.ActiveCfg = Debug|Any CPU
		{29F6EF7B-E612-43A6-9F5A-FD90C856F9C4}.Debug|x64.Build.0 = Debug|Any CPU
		{29F6EF7B-E612-43A6-9F5A-FD90C856F9C4}.Debug|x86.ActiveCfg = Debug|Any CPU
		{29F6EF7B-E612-43A6-9F5A-FD90C856F9C4}.Debug|x86.Build.0 = Debug|Any CPU
		{29F6EF7B-E612-43A6-9F5A-FD90C856F9C4}.Release|Any CPU.ActiveCfg = Release|Any CPU
		{29F6EF7B-E612-43A6-9F5A-FD90C856F9C4}.Release|Any CPU.Build.0 = Release|Any CPU
		{29F6EF7B-E612-43A6-9F5A-FD90C856F9C4}.Release|x64.ActiveCfg = Release|Any CPU
		{29F6EF7B-E612-43A6-9F5A-FD90C856F9C4}.Release|x64.Build.0 = Release|Any CPU
		{29F6EF7B-E612-43A6-9F5A-FD90C856F9C4}.Release|x86.ActiveCfg = Release|Any CPU
		{29F6EF7B-E612-43A6-9F5A-FD90C856F9C4}.Release|x86.Build.0 = Release|Any CPU
		{3D89296A-2C1A-409B-BDC2-4F744F8CB768}.Debug|Any CPU.ActiveCfg = Debug|Any CPU
		{3D89296A-2C1A-409B-BDC2-4F744F8CB768}.Debug|Any CPU.Build.0 = Debug|Any CPU
		{3D89296A-2C1A-409B-BDC2-4F744F8CB768}.Debug|x64.ActiveCfg = Debug|Any CPU
		{3D89296A-2C1A-409B-BDC2-4F744F8CB768}.Debug|x64.Build.0 = Debug|Any CPU
		{3D89296A-2C1A-409B-BDC2-4F744F8CB768}.Debug|x86.ActiveCfg = Debug|Any CPU
		{3D89296A-2C1A-409B-BDC2-4F744F8CB768}.Debug|x86.Build.0 = Debug|Any CPU
		{3D89296A-2C1A-409B-BDC2-4F744F8CB768}.Release|Any CPU.ActiveCfg = Release|Any CPU
		{3D89296A-2C1A-409B-BDC2-4F744F8CB768}.Release|Any CPU.Build.0 = Release|Any CPU
		{3D89296A-2C1A-409B-BDC2-4F744F8CB768}.Release|x64.ActiveCfg = Release|Any CPU
		{3D89296A-2C1A-409B-BDC2-4F744F8CB768}.Release|x64.Build.0 = Release|Any CPU
		{3D89296A-2C1A-409B-BDC2-4F744F8CB768}.Release|x86.ActiveCfg = Release|Any CPU
		{3D89296A-2C1A-409B-BDC2-4F744F8CB768}.Release|x86.Build.0 = Release|Any CPU
		{A3755281-B10A-442D-9651-AE9643335C53}.Debug|Any CPU.ActiveCfg = Debug|Any CPU
		{A3755281-B10A-442D-9651-AE9643335C53}.Debug|Any CPU.Build.0 = Debug|Any CPU
		{A3755281-B10A-442D-9651-AE9643335C53}.Debug|x64.ActiveCfg = Debug|Any CPU
		{A3755281-B10A-442D-9651-AE9643335C53}.Debug|x64.Build.0 = Debug|Any CPU
		{A3755281-B10A-442D-9651-AE9643335C53}.Debug|x86.ActiveCfg = Debug|Any CPU
		{A3755281-B10A-442D-9651-AE9643335C53}.Debug|x86.Build.0 = Debug|Any CPU
		{A3755281-B10A-442D-9651-AE9643335C53}.Release|Any CPU.ActiveCfg = Release|Any CPU
		{A3755281-B10A-442D-9651-AE9643335C53}.Release|Any CPU.Build.0 = Release|Any CPU
		{A3755281-B10A-442D-9651-AE9643335C53}.Release|x64.ActiveCfg = Release|Any CPU
		{A3755281-B10A-442D-9651-AE9643335C53}.Release|x64.Build.0 = Release|Any CPU
		{A3755281-B10A-442D-9651-AE9643335C53}.Release|x86.ActiveCfg = Release|Any CPU
		{A3755281-B10A-442D-9651-AE9643335C53}.Release|x86.Build.0 = Release|Any CPU
		{7530F1D0-F5B3-468D-8F68-7E300052CACC}.Debug|Any CPU.ActiveCfg = Debug|Any CPU
		{7530F1D0-F5B3-468D-8F68-7E300052CACC}.Debug|Any CPU.Build.0 = Debug|Any CPU
		{7530F1D0-F5B3-468D-8F68-7E300052CACC}.Debug|x64.ActiveCfg = Debug|Any CPU
		{7530F1D0-F5B3-468D-8F68-7E300052CACC}.Debug|x64.Build.0 = Debug|Any CPU
		{7530F1D0-F5B3-468D-8F68-7E300052CACC}.Debug|x86.ActiveCfg = Debug|Any CPU
		{7530F1D0-F5B3-468D-8F68-7E300052CACC}.Debug|x86.Build.0 = Debug|Any CPU
		{7530F1D0-F5B3-468D-8F68-7E300052CACC}.Release|Any CPU.ActiveCfg = Release|Any CPU
		{7530F1D0-F5B3-468D-8F68-7E300052CACC}.Release|Any CPU.Build.0 = Release|Any CPU
		{7530F1D0-F5B3-468D-8F68-7E300052CACC}.Release|x64.ActiveCfg = Release|Any CPU
		{7530F1D0-F5B3-468D-8F68-7E300052CACC}.Release|x64.Build.0 = Release|Any CPU
		{7530F1D0-F5B3-468D-8F68-7E300052CACC}.Release|x86.ActiveCfg = Release|Any CPU
		{7530F1D0-F5B3-468D-8F68-7E300052CACC}.Release|x86.Build.0 = Release|Any CPU
		{1A4178FB-A82C-4D63-9488-1EBB4EF25957}.Debug|Any CPU.ActiveCfg = Debug|Any CPU
		{1A4178FB-A82C-4D63-9488-1EBB4EF25957}.Debug|Any CPU.Build.0 = Debug|Any CPU
		{1A4178FB-A82C-4D63-9488-1EBB4EF25957}.Debug|x64.ActiveCfg = Debug|Any CPU
		{1A4178FB-A82C-4D63-9488-1EBB4EF25957}.Debug|x64.Build.0 = Debug|Any CPU
		{1A4178FB-A82C-4D63-9488-1EBB4EF25957}.Debug|x86.ActiveCfg = Debug|Any CPU
		{1A4178FB-A82C-4D63-9488-1EBB4EF25957}.Debug|x86.Build.0 = Debug|Any CPU
		{1A4178FB-A82C-4D63-9488-1EBB4EF25957}.Release|Any CPU.ActiveCfg = Release|Any CPU
		{1A4178FB-A82C-4D63-9488-1EBB4EF25957}.Release|Any CPU.Build.0 = Release|Any CPU
		{1A4178FB-A82C-4D63-9488-1EBB4EF25957}.Release|x64.ActiveCfg = Release|Any CPU
		{1A4178FB-A82C-4D63-9488-1EBB4EF25957}.Release|x64.Build.0 = Release|Any CPU
		{1A4178FB-A82C-4D63-9488-1EBB4EF25957}.Release|x86.ActiveCfg = Release|Any CPU
		{1A4178FB-A82C-4D63-9488-1EBB4EF25957}.Release|x86.Build.0 = Release|Any CPU
	EndGlobalSection
	GlobalSection(SolutionProperties) = preSolution
		HideSolutionNode = FALSE
	EndGlobalSection
	GlobalSection(NestedProjects) = preSolution
		{A0F58C0B-57C8-4F6F-9E31-2A6F9C9C2E01} = {3F4D1E4B-1A2B-4F6C-A1C7-2E8F4D6A9B10}
		{B1E6D2A4-9C55-49D4-A1B7-5C8E6F4A3D02} = {3F4D1E4B-1A2B-4F6C-A1C7-2E8F4D6A9B10}
		{C2D7E3B5-A1D6-4BE2-9C88-7E1F2A3B4C03} = {3F4D1E4B-1A2B-4F6C-A1C7-2E8F4D6A9B10}
		{D3C8F4C6-B2E7-4AF1-8D99-8F2A3B4C5D04} = {3F4D1E4B-1A2B-4F6C-A1C7-2E8F4D6A9B10}
		{E4B9A5D7-C3F8-49E0-87AA-9A3B4C5D6E05} = {3F4D1E4B-1A2B-4F6C-A1C7-2E8F4D6A9B10}
		{F5A0B6E8-D4A9-48DF-86BB-AA4C5D6E7F06} = {3F4D1E4B-1A2B-4F6C-A1C7-2E8F4D6A9B10}
		{06B1C7F9-E5BA-47CE-85CC-BB5D6E7F8007} = {3F4D1E4B-1A2B-4F6C-A1C7-2E8F4D6A9B10}
		{17C2D80A-F6CB-46BD-84DD-CC6E7F801108} = {3F4D1E4B-1A2B-4F6C-A1C7-2E8F4D6A9B10}
		{28D3E91B-07DC-45AC-83EE-DD7F80111209} = {5A7C2E1D-9F4B-42C3-B5AD-8C6D1F2A3E45}
		{39E4FA2C-18ED-449B-821F-EE801112230A} = {5A7C2E1D-9F4B-42C3-B5AD-8C6D1F2A3E45}
		{4AF50B3D-29FE-438A-8120-FF911223340B} = {5A7C2E1D-9F4B-42C3-B5AD-8C6D1F2A3E45}
		{5B061C4E-3A0F-4279-8031-00A12234450C} = {5A7C2E1D-9F4B-42C3-B5AD-8C6D1F2A3E45}
		{6C172D5F-4B10-4168-7F42-11B23345560D} = {5A7C2E1D-9F4B-42C3-B5AD-8C6D1F2A3E45}
		{8E495082-7E54-4146-8C86-34E67789901F} = {5A7C2E1D-9F4B-42C3-B5AD-8C6D1F2A3E45}
		{9F5A6193-8F65-4257-8D97-45F788901120} = {5A7C2E1D-9F4B-42C3-B5AD-8C6D1F2A3E45}
		{A06B72A4-9076-4368-8EA8-56F899012231} = {5A7C2E1D-9F4B-42C3-B5AD-8C6D1F2A3E45}
		{8E394F71-6D32-4046-7D64-33D45567780F} = {8C1D2E3F-4B5A-46C7-9D2E-1F3A5B7C8D9E}
		{D38E94C6-B287-4FF1-7879-88F90ABCCD14} = {3F4D1E4B-1A2B-4F6C-A1C7-2E8F4D6A9B10}
		{F5A0B6E8-D4A9-4DDF-765B-AA0B2CDFEF16} = {3F4D1E4B-1A2B-4F6C-A1C7-2E8F4D6A9B10}
		{FAC28ECD-3620-4EE4-8C5F-D76EF0BE0072} = {3F4D1E4B-1A2B-4F6C-A1C7-2E8F4D6A9B10}
		{29F6EF7B-E612-43A6-9F5A-FD90C856F9C4} = {5A7C2E1D-9F4B-42C3-B5AD-8C6D1F2A3E45}
		{3D89296A-2C1A-409B-BDC2-4F744F8CB768} = {8C1D2E3F-4B5A-46C7-9D2E-1F3A5B7C8D9E}
		{A3755281-B10A-442D-9651-AE9643335C53} = {8C1D2E3F-4B5A-46C7-9D2E-1F3A5B7C8D9E}
		{7530F1D0-F5B3-468D-8F68-7E300052CACC} = {5A7C2E1D-9F4B-42C3-B5AD-8C6D1F2A3E45}
		{1A4178FB-A82C-4D63-9488-1EBB4EF25957} = {8C1D2E3F-4B5A-46C7-9D2E-1F3A5B7C8D9E}
	EndGlobalSection
EndGlobal
